
Microsoft Visual Studio Solution File, Format Version 12.00
# Visual Studio Version 17
VisualStudioVersion = 17.8.34330.188
MinimumVisualStudioVersion = 10.0.40219.1
Project("{9A19103F-16F7-4668-BE54-9A1E7A4F7556}") = "Domain", "Domain\Domain.csproj", "{3FFC0309-3220-4FC9-A8AC-65A4ECD1E989}"
EndProject
Project("{9A19103F-16F7-4668-BE54-9A1E7A4F7556}") = "Web", "Web\Web.csproj", "{F1118D91-5BED-41C0-9C70-22A47669FA1C}"
EndProject
Project("{9A19103F-16F7-4668-BE54-9A1E7A4F7556}") = "Infrastructure", "Infrastructure\Infrastructure.csproj", "{054D9E4D-6180-43D1-A3A6-B776E2099DD3}"
EndProject
Project("{9A19103F-16F7-4668-BE54-9A1E7A4F7556}") = "Application", "Application\Application.csproj", "{37AACC75-E879-4E57-B237-2D8C286824E0}"
EndProject
Project("{9A19103F-16F7-4668-BE54-9A1E7A4F7556}") = "ArchUnitTest", "ArchUnitTest\ArchUnitTest.csproj", "{D9A1326E-78AD-47F4-905D-AAAF6B9B005B}"
EndProject
Global
	GlobalSection(SolutionConfigurationPlatforms) = preSolution
		Debug|Any CPU = Debug|Any CPU
		Release|Any CPU = Release|Any CPU
	EndGlobalSection
	GlobalSection(ProjectConfigurationPlatforms) = postSolution
		{3FFC0309-3220-4FC9-A8AC-65A4ECD1E989}.Debug|Any CPU.ActiveCfg = Debug|Any CPU
		{3FFC0309-3220-4FC9-A8AC-65A4ECD1E989}.Debug|Any CPU.Build.0 = Debug|Any CPU
		{3FFC0309-3220-4FC9-A8AC-65A4ECD1E989}.Release|Any CPU.ActiveCfg = Release|Any CPU
		{3FFC0309-3220-4FC9-A8AC-65A4ECD1E989}.Release|Any CPU.Build.0 = Release|Any CPU
		{F1118D91-5BED-41C0-9C70-22A47669FA1C}.Debug|Any CPU.ActiveCfg = Debug|Any CPU
		{F1118D91-5BED-41C0-9C70-22A47669FA1C}.Debug|Any CPU.Build.0 = Debug|Any CPU
		{F1118D91-5BED-41C0-9C70-22A47669FA1C}.Release|Any CPU.ActiveCfg = Release|Any CPU
		{F1118D91-5BED-41C0-9C70-22A47669FA1C}.Release|Any CPU.Build.0 = Release|Any CPU
		{054D9E4D-6180-43D1-A3A6-B776E2099DD3}.Debug|Any CPU.ActiveCfg = Debug|Any CPU
		{054D9E4D-6180-43D1-A3A6-B776E2099DD3}.Debug|Any CPU.Build.0 = Debug|Any CPU
		{054D9E4D-6180-43D1-A3A6-B776E2099DD3}.Release|Any CPU.ActiveCfg = Release|Any CPU
		{054D9E4D-6180-43D1-A3A6-B776E2099DD3}.Release|Any CPU.Build.0 = Release|Any CPU
		{37AACC75-E879-4E57-B237-2D8C286824E0}.Debug|Any CPU.ActiveCfg = Debug|Any CPU
		{37AACC75-E879-4E57-B237-2D8C286824E0}.Debug|Any CPU.Build.0 = Debug|Any CPU
		{37AACC75-E879-4E57-B237-2D8C286824E0}.Release|Any CPU.ActiveCfg = Release|Any CPU
		{37AACC75-E879-4E57-B237-2D8C286824E0}.Release|Any CPU.Build.0 = Release|Any CPU
		{D9A1326E-78AD-47F4-905D-AAAF6B9B005B}.Debug|Any CPU.ActiveCfg = Debug|Any CPU
		{D9A1326E-78AD-47F4-905D-AAAF6B9B005B}.Debug|Any CPU.Build.0 = Debug|Any CPU
		{D9A1326E-78AD-47F4-905D-AAAF6B9B005B}.Release|Any CPU.ActiveCfg = Release|Any CPU
		{D9A1326E-78AD-47F4-905D-AAAF6B9B005B}.Release|Any CPU.Build.0 = Release|Any CPU
	EndGlobalSection
	GlobalSection(SolutionProperties) = preSolution
		HideSolutionNode = FALSE
	EndGlobalSection
	GlobalSection(ExtensibilityGlobals) = postSolution
		SolutionGuid = {ABE9FECA-B2D3-404E-9B79-5AC3D27245B1}
	EndGlobalSection
EndGlobal
